
Microsoft Visual Studio Solution File, Format Version 12.00
# Visual Studio Version 17
VisualStudioVersion = 17.10.35122.118
MinimumVisualStudioVersion = 10.0.40219.1
Project("{9A19103F-16F7-4668-BE54-9A1E7A4F7556}") = "MauiPlanet", "..\Planets1\MauiPlanet.csproj", "{FDFF90F7-9C8A-4722-A2BE-371ACC4742FF}"
EndProject
Global
	GlobalSection(SolutionConfigurationPlatforms) = preSolution
		Debug|Any CPU = Debug|Any CPU
		Release|Any CPU = Release|Any CPU
	EndGlobalSection
	GlobalSection(ProjectConfigurationPlatforms) = postSolution
		{FDFF90F7-9C8A-4722-A2BE-371ACC4742FF}.Debug|Any CPU.ActiveCfg = Debug|Any CPU
		{FDFF90F7-9C8A-4722-A2BE-371ACC4742FF}.Debug|Any CPU.Build.0 = Debug|Any CPU
		{FDFF90F7-9C8A-4722-A2BE-371ACC4742FF}.Release|Any CPU.ActiveCfg = Release|Any CPU
		{FDFF90F7-9C8A-4722-A2BE-371ACC4742FF}.Release|Any CPU.Build.0 = Release|Any CPU
	EndGlobalSection
	GlobalSection(SolutionProperties) = preSolution
		HideSolutionNode = FALSE
	EndGlobalSection
	GlobalSection(ExtensibilityGlobals) = postSolution
		SolutionGuid = {BB8F2996-279E-4F77-86D9-6A7F5BF64BDC}
	EndGlobalSection
EndGlobal
